
Microsoft Visual Studio Solution File, Format Version 12.00
# Visual Studio 15
VisualStudioVersion = 15.0.28001.1
MinimumVisualStudioVersion = 10.0.40219.1
Project("{FAE04EC0-301F-11D3-BF4B-00C04F79EFBC}") = "Playground", "Playground.csproj", "{5DB455CD-AEB8-4FE8-8543-6BD3CDA28171}"
EndProject
Global
	GlobalSection(SolutionConfigurationPlatforms) = preSolution
		Debug|Any CPU = Debug|Any CPU
		Release|Any CPU = Release|Any CPU
	EndGlobalSection
	GlobalSection(ProjectConfigurationPlatforms) = postSolution
		{5DB455CD-AEB8-4FE8-8543-6BD3CDA28171}.Debug|Any CPU.ActiveCfg = Debug|Any CPU
		{5DB455CD-AEB8-4FE8-8543-6BD3CDA28171}.Debug|Any CPU.Build.0 = Debug|Any CPU
		{5DB455CD-AEB8-4FE8-8543-6BD3CDA28171}.Release|Any CPU.ActiveCfg = Release|Any CPU
		{5DB455CD-AEB8-4FE8-8543-6BD3CDA28171}.Release|Any CPU.Build.0 = Release|Any CPU
	EndGlobalSection
	GlobalSection(SolutionProperties) = preSolution
		HideSolutionNode = FALSE
	EndGlobalSection
	GlobalSection(ExtensibilityGlobals) = postSolution
		SolutionGuid = {4051A34B-68A2-4924-A3D0-40A2AF30664B}
	EndGlobalSection
EndGlobal
